// !$*UTF8*$!
{
	archiveVersion = 1;
	classes = {
	};
	objectVersion = 77;
	objects = {

/* Begin PBXBuildFile section */
		5A9FA5422D38496900CF3BCB /* Preview Assets.xcassets in Resources */ = {isa = PBXBuildFile; fileRef = 5A9FA5382D38496900CF3BCB /* Preview Assets.xcassets */; };
/* End PBXBuildFile section */

/* Begin PBXContainerItemProxy section */
		5A9FA5122D3841F500CF3BCB /* PBXContainerItemProxy */ = {
			isa = PBXContainerItemProxy;
			containerPortal = 5A9FA4F92D3841F400CF3BCB /* Project object */;
			proxyType = 1;
			remoteGlobalIDString = 5A9FA5002D3841F400CF3BCB;
			remoteInfo = SubtitlesMaster;
		};
		5A9FA51C2D3841F500CF3BCB /* PBXContainerItemProxy */ = {
			isa = PBXContainerItemProxy;
			containerPortal = 5A9FA4F92D3841F400CF3BCB /* Project object */;
			proxyType = 1;
			remoteGlobalIDString = 5A9FA5002D3841F400CF3BCB;
			remoteInfo = SubtitlesMaster;
		};
/* End PBXContainerItemProxy section */

/* Begin PBXFileReference section */
		5A9FA5012D3841F400CF3BCB /* SubtitlesMaster.app */ = {isa = PBXFileReference; explicitFileType = wrapper.application; includeInIndex = 0; path = SubtitlesMaster.app; sourceTree = BUILT_PRODUCTS_DIR; };
		5A9FA5112D3841F500CF3BCB /* SubtitlesMasterTests.xctest */ = {isa = PBXFileReference; explicitFileType = wrapper.cfbundle; includeInIndex = 0; path = SubtitlesMasterTests.xctest; sourceTree = BUILT_PRODUCTS_DIR; };
		5A9FA51B2D3841F500CF3BCB /* SubtitlesMasterUITests.xctest */ = {isa = PBXFileReference; explicitFileType = wrapper.cfbundle; includeInIndex = 0; path = SubtitlesMasterUITests.xctest; sourceTree = BUILT_PRODUCTS_DIR; };
		5A9FA5382D38496900CF3BCB /* Preview Assets.xcassets */ = {isa = PBXFileReference; lastKnownFileType = folder.assetcatalog; path = "Preview Assets.xcassets"; sourceTree = "<group>"; };
		5A9FA53A2D38496900CF3BCB /* Assets.xcassets */ = {isa = PBXFileReference; lastKnownFileType = folder.assetcatalog; path = Assets.xcassets; sourceTree = "<group>"; };
		5A9FA53B2D38496900CF3BCB /* ContentView.swift */ = {isa = PBXFileReference; lastKnownFileType = sourcecode.swift; path = ContentView.swift; sourceTree = "<group>"; };
		5A9FA53C2D38496900CF3BCB /* SubtitlesMasterApp.swift */ = {isa = PBXFileReference; lastKnownFileType = sourcecode.swift; path = SubtitlesMasterApp.swift; sourceTree = "<group>"; };
		5A9FA53D2D38496900CF3BCB /* VideoManager.swift */ = {isa = PBXFileReference; lastKnownFileType = sourcecode.swift; path = VideoManager.swift; sourceTree = "<group>"; };
		5A9FA53E2D38496900CF3BCB /* VideoPicker.swift */ = {isa = PBXFileReference; lastKnownFileType = sourcecode.swift; path = VideoPicker.swift; sourceTree = "<group>"; };
		5A9FA53F2D38496900CF3BCB /* VideoPlayerView.swift */ = {isa = PBXFileReference; lastKnownFileType = sourcecode.swift; path = VideoPlayerView.swift; sourceTree = "<group>"; };
/* End PBXFileReference section */

/* Begin PBXFileSystemSynchronizedBuildFileExceptionSet section */
		5A9FA54A2D384A3300CF3BCB /* Exceptions for "SubtitlesMaster" folder in "SubtitlesMaster" target */ = {
			isa = PBXFileSystemSynchronizedBuildFileExceptionSet;
			membershipExceptions = (
				Info.plist,
				"Preview Content/Preview Assets.xcassets",
			);
			target = 5A9FA5002D3841F400CF3BCB /* SubtitlesMaster */;
		};
/* End PBXFileSystemSynchronizedBuildFileExceptionSet section */

/* Begin PBXFileSystemSynchronizedRootGroup section */
		5A9FA5032D3841F400CF3BCB /* SubtitlesMaster */ = {
			isa = PBXFileSystemSynchronizedRootGroup;
			exceptions = (
				5A9FA54A2D384A3300CF3BCB /* Exceptions for "SubtitlesMaster" folder in "SubtitlesMaster" target */,
			);
			path = SubtitlesMaster;
			sourceTree = "<group>";
		};
		5A9FA5142D3841F500CF3BCB /* SubtitlesMasterTests */ = {
			isa = PBXFileSystemSynchronizedRootGroup;
			path = SubtitlesMasterTests;
			sourceTree = "<group>";
		};
		5A9FA51E2D3841F500CF3BCB /* SubtitlesMasterUITests */ = {
			isa = PBXFileSystemSynchronizedRootGroup;
			path = SubtitlesMasterUITests;
			sourceTree = "<group>";
		};
/* End PBXFileSystemSynchronizedRootGroup section */

/* Begin PBXFrameworksBuildPhase section */
		5A9FA4FE2D3841F400CF3BCB /* Frameworks */ = {
			isa = PBXFrameworksBuildPhase;
			buildActionMask = 2147483647;
			files = (
			);
			runOnlyForDeploymentPostprocessing = 0;
		};
		5A9FA50E2D3841F500CF3BCB /* Frameworks */ = {
			isa = PBXFrameworksBuildPhase;
			buildActionMask = 2147483647;
			files = (
			);
			runOnlyForDeploymentPostprocessing = 0;
		};
		5A9FA5182D3841F500CF3BCB /* Frameworks */ = {
			isa = PBXFrameworksBuildPhase;
			buildActionMask = 2147483647;
			files = (
			);
			runOnlyForDeploymentPostprocessing = 0;
		};
/* End PBXFrameworksBuildPhase section */

/* Begin PBXGroup section */
		5A9FA4F82D3841F400CF3BCB = {
			isa = PBXGroup;
			children = (
				5A9FA5032D3841F400CF3BCB /* SubtitlesMaster */,
				5A9FA5142D3841F500CF3BCB /* SubtitlesMasterTests */,
				5A9FA51E2D3841F500CF3BCB /* SubtitlesMasterUITests */,
				5A9FA5022D3841F400CF3BCB /* Products */,
				5A9FA5402D38496900CF3BCB /* SubtitlesMaster */,
			);
			sourceTree = "<group>";
		};
		5A9FA5022D3841F400CF3BCB /* Products */ = {
			isa = PBXGroup;
			children = (
				5A9FA5012D3841F400CF3BCB /* SubtitlesMaster.app */,
				5A9FA5112D3841F500CF3BCB /* SubtitlesMasterTests.xctest */,
				5A9FA51B2D3841F500CF3BCB /* SubtitlesMasterUITests.xctest */,
			);
			name = Products;
			sourceTree = "<group>";
		};
		5A9FA5392D38496900CF3BCB /* Preview Content */ = {
			isa = PBXGroup;
			children = (
				5A9FA5382D38496900CF3BCB /* Preview Assets.xcassets */,
			);
			path = "Preview Content";
			sourceTree = "<group>";
		};
		5A9FA5402D38496900CF3BCB /* SubtitlesMaster */ = {
			isa = PBXGroup;
			children = (
				5A9FA5392D38496900CF3BCB /* Preview Content */,
				5A9FA53A2D38496900CF3BCB /* Assets.xcassets */,
				5A9FA53B2D38496900CF3BCB /* ContentView.swift */,
				5A9FA53C2D38496900CF3BCB /* SubtitlesMasterApp.swift */,
				5A9FA53D2D38496900CF3BCB /* VideoManager.swift */,
				5A9FA53E2D38496900CF3BCB /* VideoPicker.swift */,
				5A9FA53F2D38496900CF3BCB /* VideoPlayerView.swift */,
			);
			path = SubtitlesMaster;
			sourceTree = "<group>";
		};
/* End PBXGroup section */

/* Begin PBXNativeTarget section */
		5A9FA5002D3841F400CF3BCB /* SubtitlesMaster */ = {
			isa = PBXNativeTarget;
			buildConfigurationList = 5A9FA5252D3841F500CF3BCB /* Build configuration list for PBXNativeTarget "SubtitlesMaster" */;
			buildPhases = (
				5A9FA4FD2D3841F400CF3BCB /* Sources */,
				5A9FA4FE2D3841F400CF3BCB /* Frameworks */,
				5A9FA4FF2D3841F400CF3BCB /* Resources */,
			);
			buildRules = (
			);
			dependencies = (
			);
			fileSystemSynchronizedGroups = (
				5A9FA5032D3841F400CF3BCB /* SubtitlesMaster */,
			);
			name = SubtitlesMaster;
			packageProductDependencies = (
			);
			productName = SubtitlesMaster;
			productReference = 5A9FA5012D3841F400CF3BCB /* SubtitlesMaster.app */;
			productType = "com.apple.product-type.application";
		};
		5A9FA5102D3841F500CF3BCB /* SubtitlesMasterTests */ = {
			isa = PBXNativeTarget;
			buildConfigurationList = 5A9FA5282D3841F500CF3BCB /* Build configuration list for PBXNativeTarget "SubtitlesMasterTests" */;
			buildPhases = (
				5A9FA50D2D3841F500CF3BCB /* Sources */,
				5A9FA50E2D3841F500CF3BCB /* Frameworks */,
				5A9FA50F2D3841F500CF3BCB /* Resources */,
			);
			buildRules = (
			);
			dependencies = (
				5A9FA5132D3841F500CF3BCB /* PBXTargetDependency */,
			);
			fileSystemSynchronizedGroups = (
				5A9FA5142D3841F500CF3BCB /* SubtitlesMasterTests */,
			);
			name = SubtitlesMasterTests;
			packageProductDependencies = (
			);
			productName = SubtitlesMasterTests;
			productReference = 5A9FA5112D3841F500CF3BCB /* SubtitlesMasterTests.xctest */;
			productType = "com.apple.product-type.bundle.unit-test";
		};
		5A9FA51A2D3841F500CF3BCB /* SubtitlesMasterUITests */ = {
			isa = PBXNativeTarget;
			buildConfigurationList = 5A9FA52B2D3841F500CF3BCB /* Build configuration list for PBXNativeTarget "SubtitlesMasterUITests" */;
			buildPhases = (
				5A9FA5172D3841F500CF3BCB /* Sources */,
				5A9FA5182D3841F500CF3BCB /* Frameworks */,
				5A9FA5192D3841F500CF3BCB /* Resources */,
			);
			buildRules = (
			);
			dependencies = (
				5A9FA51D2D3841F500CF3BCB /* PBXTargetDependency */,
			);
			fileSystemSynchronizedGroups = (
				5A9FA51E2D3841F500CF3BCB /* SubtitlesMasterUITests */,
			);
			name = SubtitlesMasterUITests;
			packageProductDependencies = (
			);
			productName = SubtitlesMasterUITests;
			productReference = 5A9FA51B2D3841F500CF3BCB /* SubtitlesMasterUITests.xctest */;
			productType = "com.apple.product-type.bundle.ui-testing";
		};
/* End PBXNativeTarget section */

/* Begin PBXProject section */
		5A9FA4F92D3841F400CF3BCB /* Project object */ = {
			isa = PBXProject;
			attributes = {
				BuildIndependentTargetsInParallel = 1;
				LastSwiftUpdateCheck = 1620;
				LastUpgradeCheck = 1620;
				TargetAttributes = {
					5A9FA5002D3841F400CF3BCB = {
						CreatedOnToolsVersion = 16.2;
					};
					5A9FA5102D3841F500CF3BCB = {
						CreatedOnToolsVersion = 16.2;
						TestTargetID = 5A9FA5002D3841F400CF3BCB;
					};
					5A9FA51A2D3841F500CF3BCB = {
						CreatedOnToolsVersion = 16.2;
						TestTargetID = 5A9FA5002D3841F400CF3BCB;
					};
				};
			};
			buildConfigurationList = 5A9FA4FC2D3841F400CF3BCB /* Build configuration list for PBXProject "SubtitlesMaster" */;
			developmentRegion = en;
			hasScannedForEncodings = 0;
			knownRegions = (
				en,
				Base,
			);
			mainGroup = 5A9FA4F82D3841F400CF3BCB;
			minimizedProjectReferenceProxies = 1;
			preferredProjectObjectVersion = 77;
			productRefGroup = 5A9FA5022D3841F400CF3BCB /* Products */;
			projectDirPath = "";
			projectRoot = "";
			targets = (
				5A9FA5002D3841F400CF3BCB /* SubtitlesMaster */,
				5A9FA5102D3841F500CF3BCB /* SubtitlesMasterTests */,
				5A9FA51A2D3841F500CF3BCB /* SubtitlesMasterUITests */,
			);
		};
/* End PBXProject section */

/* Begin PBXResourcesBuildPhase section */
		5A9FA4FF2D3841F400CF3BCB /* Resources */ = {
			isa = PBXResourcesBuildPhase;
			buildActionMask = 2147483647;
			files = (
				5A9FA5422D38496900CF3BCB /* Preview Assets.xcassets in Resources */,
			);
			runOnlyForDeploymentPostprocessing = 0;
		};
		5A9FA50F2D3841F500CF3BCB /* Resources */ = {
			isa = PBXResourcesBuildPhase;
			buildActionMask = 2147483647;
			files = (
			);
			runOnlyForDeploymentPostprocessing = 0;
		};
		5A9FA5192D3841F500CF3BCB /* Resources */ = {
			isa = PBXResourcesBuildPhase;
			buildActionMask = 2147483647;
			files = (
			);
			runOnlyForDeploymentPostprocessing = 0;
		};
/* End PBXResourcesBuildPhase section */

/* Begin PBXSourcesBuildPhase section */
		5A9FA4FD2D3841F400CF3BCB /* Sources */ = {
			isa = PBXSourcesBuildPhase;
			buildActionMask = 2147483647;
			files = (
			);
			runOnlyForDeploymentPostprocessing = 0;
		};
		5A9FA50D2D3841F500CF3BCB /* Sources */ = {
			isa = PBXSourcesBuildPhase;
			buildActionMask = 2147483647;
			files = (
			);
			runOnlyForDeploymentPostprocessing = 0;
		};
		5A9FA5172D3841F500CF3BCB /* Sources */ = {
			isa = PBXSourcesBuildPhase;
			buildActionMask = 2147483647;
			files = (
			);
			runOnlyForDeploymentPostprocessing = 0;
		};
/* End PBXSourcesBuildPhase section */

/* Begin PBXTargetDependency section */
		5A9FA5132D3841F500CF3BCB /* PBXTargetDependency */ = {
			isa = PBXTargetDependency;
			target = 5A9FA5002D3841F400CF3BCB /* SubtitlesMaster */;
			targetProxy = 5A9FA5122D3841F500CF3BCB /* PBXContainerItemProxy */;
		};
		5A9FA51D2D3841F500CF3BCB /* PBXTargetDependency */ = {
			isa = PBXTargetDependency;
			target = 5A9FA5002D3841F400CF3BCB /* SubtitlesMaster */;
			targetProxy = 5A9FA51C2D3841F500CF3BCB /* PBXContainerItemProxy */;
		};
/* End PBXTargetDependency section */

/* Begin XCBuildConfiguration section */
		5A9FA5232D3841F500CF3BCB /* Debug */ = {
			isa = XCBuildConfiguration;
			buildSettings = {
				ALWAYS_SEARCH_USER_PATHS = NO;
				ASSETCATALOG_COMPILER_GENERATE_SWIFT_ASSET_SYMBOL_EXTENSIONS = YES;
				CLANG_ANALYZER_NONNULL = YES;
				CLANG_ANALYZER_NUMBER_OBJECT_CONVERSION = YES_AGGRESSIVE;
				CLANG_CXX_LANGUAGE_STANDARD = "gnu++20";
				CLANG_ENABLE_MODULES = YES;
				CLANG_ENABLE_OBJC_ARC = YES;
				CLANG_ENABLE_OBJC_WEAK = YES;
				CLANG_WARN_BLOCK_CAPTURE_AUTORELEASING = YES;
				CLANG_WARN_BOOL_CONVERSION = YES;
				CLANG_WARN_COMMA = YES;
				CLANG_WARN_CONSTANT_CONVERSION = YES;
				CLANG_WARN_DEPRECATED_OBJC_IMPLEMENTATIONS = YES;
				CLANG_WARN_DIRECT_OBJC_ISA_USAGE = YES_ERROR;
				CLANG_WARN_DOCUMENTATION_COMMENTS = YES;
				CLANG_WARN_EMPTY_BODY = YES;
				CLANG_WARN_ENUM_CONVERSION = YES;
				CLANG_WARN_INFINITE_RECURSION = YES;
				CLANG_WARN_INT_CONVERSION = YES;
				CLANG_WARN_NON_LITERAL_NULL_CONVERSION = YES;
				CLANG_WARN_OBJC_IMPLICIT_RETAIN_SELF = YES;
				CLANG_WARN_OBJC_LITERAL_CONVERSION = YES;
				CLANG_WARN_OBJC_ROOT_CLASS = YES_ERROR;
				CLANG_WARN_QUOTED_INCLUDE_IN_FRAMEWORK_HEADER = YES;
				CLANG_WARN_RANGE_LOOP_ANALYSIS = YES;
				CLANG_WARN_STRICT_PROTOTYPES = YES;
				CLANG_WARN_SUSPICIOUS_MOVE = YES;
				CLANG_WARN_UNGUARDED_AVAILABILITY = YES_AGGRESSIVE;
				CLANG_WARN_UNREACHABLE_CODE = YES;
				CLANG_WARN__DUPLICATE_METHOD_MATCH = YES;
				COPY_PHASE_STRIP = NO;
				DEBUG_INFORMATION_FORMAT = dwarf;
				ENABLE_STRICT_OBJC_MSGSEND = YES;
				ENABLE_TESTABILITY = YES;
				ENABLE_USER_SCRIPT_SANDBOXING = YES;
				GCC_C_LANGUAGE_STANDARD = gnu17;
				GCC_DYNAMIC_NO_PIC = NO;
				GCC_NO_COMMON_BLOCKS = YES;
				GCC_OPTIMIZATION_LEVEL = 0;
				GCC_PREPROCESSOR_DEFINITIONS = (
					"DEBUG=1",
					"$(inherited)",
				);
				GCC_WARN_64_TO_32_BIT_CONVERSION = YES;
				GCC_WARN_ABOUT_RETURN_TYPE = YES_ERROR;
				GCC_WARN_UNDECLARED_SELECTOR = YES;
				GCC_WARN_UNINITIALIZED_AUTOS = YES_AGGRESSIVE;
				GCC_WARN_UNUSED_FUNCTION = YES;
				GCC_WARN_UNUSED_VARIABLE = YES;
				GENERATE_INFOPLIST_FILE = YES;
				IPHONEOS_DEPLOYMENT_TARGET = 18.2;
				LOCALIZATION_PREFERS_STRING_CATALOGS = YES;
				MTL_ENABLE_DEBUG_INFO = INCLUDE_SOURCE;
				MTL_FAST_MATH = YES;
				ONLY_ACTIVE_ARCH = YES;
				SDKROOT = iphoneos;
				SWIFT_ACTIVE_COMPILATION_CONDITIONS = "DEBUG $(inherited)";
				SWIFT_OPTIMIZATION_LEVEL = "-Onone";
			};
			name = Debug;
		};
		5A9FA5242D3841F500CF3BCB /* Release */ = {
			isa = XCBuildConfiguration;
			buildSettings = {
				ALWAYS_SEARCH_USER_PATHS = NO;
				ASSETCATALOG_COMPILER_GENERATE_SWIFT_ASSET_SYMBOL_EXTENSIONS = YES;
				CLANG_ANALYZER_NONNULL = YES;
				CLANG_ANALYZER_NUMBER_OBJECT_CONVERSION = YES_AGGRESSIVE;
				CLANG_CXX_LANGUAGE_STANDARD = "gnu++20";
				CLANG_ENABLE_MODULES = YES;
				CLANG_ENABLE_OBJC_ARC = YES;
				CLANG_ENABLE_OBJC_WEAK = YES;
				CLANG_WARN_BLOCK_CAPTURE_AUTORELEASING = YES;
				CLANG_WARN_BOOL_CONVERSION = YES;
				CLANG_WARN_COMMA = YES;
				CLANG_WARN_CONSTANT_CONVERSION = YES;
				CLANG_WARN_DEPRECATED_OBJC_IMPLEMENTATIONS = YES;
				CLANG_WARN_DIRECT_OBJC_ISA_USAGE = YES_ERROR;
				CLANG_WARN_DOCUMENTATION_COMMENTS = YES;
				CLANG_WARN_EMPTY_BODY = YES;
				CLANG_WARN_ENUM_CONVERSION = YES;
				CLANG_WARN_INFINITE_RECURSION = YES;
				CLANG_WARN_INT_CONVERSION = YES;
				CLANG_WARN_NON_LITERAL_NULL_CONVERSION = YES;
				CLANG_WARN_OBJC_IMPLICIT_RETAIN_SELF = YES;
				CLANG_WARN_OBJC_LITERAL_CONVERSION = YES;
				CLANG_WARN_OBJC_ROOT_CLASS = YES_ERROR;
				CLANG_WARN_QUOTED_INCLUDE_IN_FRAMEWORK_HEADER = YES;
				CLANG_WARN_RANGE_LOOP_ANALYSIS = YES;
				CLANG_WARN_STRICT_PROTOTYPES = YES;
				CLANG_WARN_SUSPICIOUS_MOVE = YES;
				CLANG_WARN_UNGUARDED_AVAILABILITY = YES_AGGRESSIVE;
				CLANG_WARN_UNREACHABLE_CODE = YES;
				CLANG_WARN__DUPLICATE_METHOD_MATCH = YES;
				COPY_PHASE_STRIP = NO;
				DEBUG_INFORMATION_FORMAT = "dwarf-with-dsym";
				ENABLE_NS_ASSERTIONS = NO;
				ENABLE_STRICT_OBJC_MSGSEND = YES;
				ENABLE_USER_SCRIPT_SANDBOXING = YES;
				GCC_C_LANGUAGE_STANDARD = gnu17;
				GCC_NO_COMMON_BLOCKS = YES;
				GCC_WARN_64_TO_32_BIT_CONVERSION = YES;
				GCC_WARN_ABOUT_RETURN_TYPE = YES_ERROR;
				GCC_WARN_UNDECLARED_SELECTOR = YES;
				GCC_WARN_UNINITIALIZED_AUTOS = YES_AGGRESSIVE;
				GCC_WARN_UNUSED_FUNCTION = YES;
				GCC_WARN_UNUSED_VARIABLE = YES;
				GENERATE_INFOPLIST_FILE = YES;
				"INFOPLIST_FILE[sdk=*]" = "";
				IPHONEOS_DEPLOYMENT_TARGET = 18.2;
				LOCALIZATION_PREFERS_STRING_CATALOGS = YES;
				MTL_ENABLE_DEBUG_INFO = NO;
				MTL_FAST_MATH = YES;
				SDKROOT = iphoneos;
				SWIFT_COMPILATION_MODE = wholemodule;
				VALIDATE_PRODUCT = YES;
			};
			name = Release;
		};
		5A9FA5262D3841F500CF3BCB /* Debug */ = {
			isa = XCBuildConfiguration;
			buildSettings = {
				ASSETCATALOG_COMPILER_APPICON_NAME = AppIcon;
				ASSETCATALOG_COMPILER_GLOBAL_ACCENT_COLOR_NAME = AccentColor;
				CODE_SIGN_STYLE = Automatic;
				CURRENT_PROJECT_VERSION = 1;
				DEVELOPMENT_ASSET_PATHS = "\"SubtitlesMaster/Preview Content\"";
				DEVELOPMENT_TEAM = NXW96LJ78C;
				ENABLE_PREVIEWS = YES;
				GENERATE_INFOPLIST_FILE = YES;
				INFOPLIST_FILE = SubtitlesMaster/Info.plist;
				INFOPLIST_KEY_UIApplicationSceneManifest_Generation = YES;
				INFOPLIST_KEY_UIApplicationSupportsIndirectInputEvents = YES;
				INFOPLIST_KEY_UILaunchScreen_Generation = YES;
				INFOPLIST_KEY_UISupportedInterfaceOrientations_iPad = "UIInterfaceOrientationPortrait UIInterfaceOrientationPortraitUpsideDown UIInterfaceOrientationLandscapeLeft UIInterfaceOrientationLandscapeRight";
				INFOPLIST_KEY_UISupportedInterfaceOrientations_iPhone = "UIInterfaceOrientationPortrait UIInterfaceOrientationLandscapeLeft UIInterfaceOrientationLandscapeRight";
				LD_RUNPATH_SEARCH_PATHS = (
					"$(inherited)",
					"@executable_path/Frameworks",
				);
				MARKETING_VERSION = 1.0;
				PRODUCT_BUNDLE_IDENTIFIER = com.ilyafilonov.SubtitlesMaster;
				PRODUCT_NAME = "$(TARGET_NAME)";
				SWIFT_EMIT_LOC_STRINGS = YES;
				SWIFT_VERSION = 5.0;
				TARGETED_DEVICE_FAMILY = "1,2";
			};
			name = Debug;
		};
		5A9FA5272D3841F500CF3BCB /* Release */ = {
			isa = XCBuildConfiguration;
			buildSettings = {
				ASSETCATALOG_COMPILER_APPICON_NAME = AppIcon;
				ASSETCATALOG_COMPILER_GLOBAL_ACCENT_COLOR_NAME = AccentColor;
				CODE_SIGN_STYLE = Automatic;
				CURRENT_PROJECT_VERSION = 1;
				DEVELOPMENT_ASSET_PATHS = "\"SubtitlesMaster/Preview Content\"";
				DEVELOPMENT_TEAM = NXW96LJ78C;
				ENABLE_PREVIEWS = YES;
				GENERATE_INFOPLIST_FILE = YES;
				INFOPLIST_FILE = SubtitlesMaster/Info.plist;
				INFOPLIST_KEY_UIApplicationSceneManifest_Generation = YES;
				INFOPLIST_KEY_UIApplicationSupportsIndirectInputEvents = YES;
				INFOPLIST_KEY_UILaunchScreen_Generation = YES;
				INFOPLIST_KEY_UISupportedInterfaceOrientations_iPad = "UIInterfaceOrientationPortrait UIInterfaceOrientationPortraitUpsideDown UIInterfaceOrientationLandscapeLeft UIInterfaceOrientationLandscapeRight";
				INFOPLIST_KEY_UISupportedInterfaceOrientations_iPhone = "UIInterfaceOrientationPortrait UIInterfaceOrientationLandscapeLeft UIInterfaceOrientationLandscapeRight";
				LD_RUNPATH_SEARCH_PATHS = (
					"$(inherited)",
					"@executable_path/Frameworks",
				);
				MARKETING_VERSION = 1.0;
				PRODUCT_BUNDLE_IDENTIFIER = com.ilyafilonov.SubtitlesMaster;
				PRODUCT_NAME = "$(TARGET_NAME)";
				SWIFT_EMIT_LOC_STRINGS = YES;
				SWIFT_VERSION = 5.0;
				TARGETED_DEVICE_FAMILY = "1,2";
			};
			name = Release;
		};
		5A9FA5292D3841F500CF3BCB /* Debug */ = {
			isa = XCBuildConfiguration;
			buildSettings = {
				BUNDLE_LOADER = "$(TEST_HOST)";
				CODE_SIGN_STYLE = Automatic;
				CURRENT_PROJECT_VERSION = 1;
				DEVELOPMENT_TEAM = NXW96LJ78C;
				GENERATE_INFOPLIST_FILE = YES;
				IPHONEOS_DEPLOYMENT_TARGET = 18.2;
				MARKETING_VERSION = 1.0;
				PRODUCT_BUNDLE_IDENTIFIER = com.ilyafilonov.SubtitlesMasterTests;
				PRODUCT_NAME = "$(TARGET_NAME)";
				SWIFT_EMIT_LOC_STRINGS = NO;
				SWIFT_VERSION = 5.0;
				TARGETED_DEVICE_FAMILY = "1,2";
				TEST_HOST = "$(BUILT_PRODUCTS_DIR)/SubtitlesMaster.app/$(BUNDLE_EXECUTABLE_FOLDER_PATH)/SubtitlesMaster";
			};
			name = Debug;
		};
		5A9FA52A2D3841F500CF3BCB /* Release */ = {
			isa = XCBuildConfiguration;
			buildSettings = {
				BUNDLE_LOADER = "$(TEST_HOST)";
				CODE_SIGN_STYLE = Automatic;
				CURRENT_PROJECT_VERSION = 1;
				DEVELOPMENT_TEAM = NXW96LJ78C;
				GENERATE_INFOPLIST_FILE = YES;
				IPHONEOS_DEPLOYMENT_TARGET = 18.2;
				MARKETING_VERSION = 1.0;
				PRODUCT_BUNDLE_IDENTIFIER = com.ilyafilonov.SubtitlesMasterTests;
				PRODUCT_NAME = "$(TARGET_NAME)";
				SWIFT_EMIT_LOC_STRINGS = NO;
				SWIFT_VERSION = 5.0;
				TARGETED_DEVICE_FAMILY = "1,2";
				TEST_HOST = "$(BUILT_PRODUCTS_DIR)/SubtitlesMaster.app/$(BUNDLE_EXECUTABLE_FOLDER_PATH)/SubtitlesMaster";
			};
			name = Release;
		};
		5A9FA52C2D3841F500CF3BCB /* Debug */ = {
			isa = XCBuildConfiguration;
			buildSettings = {
				CODE_SIGN_STYLE = Automatic;
				CURRENT_PROJECT_VERSION = 1;
				DEVELOPMENT_TEAM = NXW96LJ78C;
				GENERATE_INFOPLIST_FILE = YES;
				MARKETING_VERSION = 1.0;
				PRODUCT_BUNDLE_IDENTIFIER = com.ilyafilonov.SubtitlesMasterUITests;
				PRODUCT_NAME = "$(TARGET_NAME)";
				SWIFT_EMIT_LOC_STRINGS = NO;
				SWIFT_VERSION = 5.0;
				TARGETED_DEVICE_FAMILY = "1,2";
				TEST_TARGET_NAME = SubtitlesMaster;
			};
			name = Debug;
		};
		5A9FA52D2D3841F500CF3BCB /* Release */ = {
			isa = XCBuildConfiguration;
			buildSettings = {
				CODE_SIGN_STYLE = Automatic;
				CURRENT_PROJECT_VERSION = 1;
				DEVELOPMENT_TEAM = NXW96LJ78C;
				GENERATE_INFOPLIST_FILE = YES;
				MARKETING_VERSION = 1.0;
				PRODUCT_BUNDLE_IDENTIFIER = com.ilyafilonov.SubtitlesMasterUITests;
				PRODUCT_NAME = "$(TARGET_NAME)";
				SWIFT_EMIT_LOC_STRINGS = NO;
				SWIFT_VERSION = 5.0;
				TARGETED_DEVICE_FAMILY = "1,2";
				TEST_TARGET_NAME = SubtitlesMaster;
			};
			name = Release;
		};
/* End XCBuildConfiguration section */

/* Begin XCConfigurationList section */
		5A9FA4FC2D3841F400CF3BCB /* Build configuration list for PBXProject "SubtitlesMaster" */ = {
			isa = XCConfigurationList;
			buildConfigurations = (
				5A9FA5232D3841F500CF3BCB /* Debug */,
				5A9FA5242D3841F500CF3BCB /* Release */,
			);
			defaultConfigurationIsVisible = 0;
			defaultConfigurationName = Release;
		};
		5A9FA5252D3841F500CF3BCB /* Build configuration list for PBXNativeTarget "SubtitlesMaster" */ = {
			isa = XCConfigurationList;
			buildConfigurations = (
				5A9FA5262D3841F500CF3BCB /* Debug */,
				5A9FA5272D3841F500CF3BCB /* Release */,
			);
			defaultConfigurationIsVisible = 0;
			defaultConfigurationName = Release;
		};
		5A9FA5282D3841F500CF3BCB /* Build configuration list for PBXNativeTarget "SubtitlesMasterTests" */ = {
			isa = XCConfigurationList;
			buildConfigurations = (
				5A9FA5292D3841F500CF3BCB /* Debug */,
				5A9FA52A2D3841F500CF3BCB /* Release */,
			);
			defaultConfigurationIsVisible = 0;
			defaultConfigurationName = Release;
		};
		5A9FA52B2D3841F500CF3BCB /* Build configuration list for PBXNativeTarget "SubtitlesMasterUITests" */ = {
			isa = XCConfigurationList;
			buildConfigurations = (
				5A9FA52C2D3841F500CF3BCB /* Debug */,
				5A9FA52D2D3841F500CF3BCB /* Release */,
			);
			defaultConfigurationIsVisible = 0;
			defaultConfigurationName = Release;
		};
/* End XCConfigurationList section */
	};
	rootObject = 5A9FA4F92D3841F400CF3BCB /* Project object */;
}
